{
  "originHash" : "bb6e02be9cc9dc8418295febd1141ba000bb0539f4949a3e436d0dabd73b2d57",
  "pins" : [
    {
      "identity" : "wwstreamplayer",
      "kind" : "remoteSourceControl",
      "location" : "https://github.com/William-Weng/WWStreamPlayer",
      "state" : {
        "revision" : "e4cec328c6d7a0da81870222ca5621eefd83a765",
        "version" : "0.6.2"
      }
    },
    {
      "identity" : "wwwavwriter",
      "kind" : "remoteSourceControl",
      "location" : "https://github.com/William-Weng/WWWavWriter",
      "state" : {
        "revision" : "503304723a6d97698294d634b1785fdc4cd7bc85",
        "version" : "1.1.0"
      }
    }
  ],
  "version" : 3
}
