{
  "originHash" : "bb6e02be9cc9dc8418295febd1141ba000bb0539f4949a3e436d0dabd73b2d57",
  "pins" : [
    {
      "identity" : "wwstreamplayer",
      "kind" : "remoteSourceControl",
      "location" : "https://github.com/William-Weng/WWStreamPlayer",
      "state" : {
        "revision" : "e98d711c18d80546dc2087ce87bdf7e4c7efe8b5",
        "version" : "0.5.0"
      }
    }
  ],
  "version" : 3
}
