{
  "originHash" : "bb6e02be9cc9dc8418295febd1141ba000bb0539f4949a3e436d0dabd73b2d57",
  "pins" : [
    {
      "identity" : "wwstreamplayer",
      "kind" : "remoteSourceControl",
      "location" : "https://github.com/William-Weng/WWStreamPlayer",
      "state" : {
        "revision" : "715ab492643639050067ccea517a20e3364020ad",
        "version" : "0.6.1"
      }
    }
  ],
  "version" : 3
}
